
Microsoft Visual Studio Solution File, Format Version 12.00
# Visual Studio Version 17
VisualStudioVersion = 17.5.002.0
MinimumVisualStudioVersion = 10.0.40219.1
Project("{9A19103F-16F7-4668-BE54-9A1E7A4F7556}") = "Assignment", "Assignment\Assignment.csproj", "{1B4606EC-89E3-48AA-ABBC-9C2F8AC6FE0F}"
EndProject
Project("{9A19103F-16F7-4668-BE54-9A1E7A4F7556}") = "UnitTests", "UnitTests\UnitTests.csproj", "{CE623D11-A6EB-4B3A-AC8E-4A638E26AFC3}"
EndProject
Global
	GlobalSection(SolutionConfigurationPlatforms) = preSolution
		Debug|Any CPU = Debug|Any CPU
		Release|Any CPU = Release|Any CPU
	EndGlobalSection
	GlobalSection(ProjectConfigurationPlatforms) = postSolution
		{1B4606EC-89E3-48AA-ABBC-9C2F8AC6FE0F}.Debug|Any CPU.ActiveCfg = Debug|Any CPU
		{1B4606EC-89E3-48AA-ABBC-9C2F8AC6FE0F}.Debug|Any CPU.Build.0 = Debug|Any CPU
		{1B4606EC-89E3-48AA-ABBC-9C2F8AC6FE0F}.Release|Any CPU.ActiveCfg = Release|Any CPU
		{1B4606EC-89E3-48AA-ABBC-9C2F8AC6FE0F}.Release|Any CPU.Build.0 = Release|Any CPU
		{CE623D11-A6EB-4B3A-AC8E-4A638E26AFC3}.Debug|Any CPU.ActiveCfg = Debug|Any CPU
		{CE623D11-A6EB-4B3A-AC8E-4A638E26AFC3}.Debug|Any CPU.Build.0 = Debug|Any CPU
		{CE623D11-A6EB-4B3A-AC8E-4A638E26AFC3}.Release|Any CPU.ActiveCfg = Release|Any CPU
		{CE623D11-A6EB-4B3A-AC8E-4A638E26AFC3}.Release|Any CPU.Build.0 = Release|Any CPU
	EndGlobalSection
	GlobalSection(SolutionProperties) = preSolution
		HideSolutionNode = FALSE
	EndGlobalSection
	GlobalSection(ExtensibilityGlobals) = postSolution
		SolutionGuid = {1ABB8CB6-FC37-4D8F-80AB-39F90295EB41}
	EndGlobalSection
EndGlobal
